
Microsoft Visual Studio Solution File, Format Version 12.00
# Visual Studio Version 17
VisualStudioVersion = 17.11.35219.272
MinimumVisualStudioVersion = 10.0.40219.1
Project("{FAE04EC0-301F-11D3-BF4B-00C04F79EFBC}") = "Random NoteBooks", "Random NoteBooks.csproj", "{720E86CF-5B69-4FEE-B829-064AB6B0D46A}"
EndProject
Global
	GlobalSection(SolutionConfigurationPlatforms) = preSolution
		Debug|Any CPU = Debug|Any CPU
		Release|Any CPU = Release|Any CPU
	EndGlobalSection
	GlobalSection(ProjectConfigurationPlatforms) = postSolution
		{720E86CF-5B69-4FEE-B829-064AB6B0D46A}.Debug|Any CPU.ActiveCfg = Debug|Any CPU
		{720E86CF-5B69-4FEE-B829-064AB6B0D46A}.Debug|Any CPU.Build.0 = Debug|Any CPU
		{720E86CF-5B69-4FEE-B829-064AB6B0D46A}.Release|Any CPU.ActiveCfg = Release|Any CPU
		{720E86CF-5B69-4FEE-B829-064AB6B0D46A}.Release|Any CPU.Build.0 = Release|Any CPU
	EndGlobalSection
	GlobalSection(SolutionProperties) = preSolution
		HideSolutionNode = FALSE
	EndGlobalSection
	GlobalSection(ExtensibilityGlobals) = postSolution
		SolutionGuid = {0687726A-88EA-4766-BBDB-39438F1447A5}
	EndGlobalSection
EndGlobal
